
Microsoft Visual Studio Solution File, Format Version 12.00
# Visual Studio Version 16
VisualStudioVersion = 16.0.32510.428
MinimumVisualStudioVersion = 10.0.40219.1
Project("{FAE04EC0-301F-11D3-BF4B-00C04F79EFBC}") = "CabinetMgr", "CabinetMgr\CabinetMgr.csproj", "{C851644F-A023-45EA-8946-79F154665715}"
EndProject
Project("{FAE04EC0-301F-11D3-BF4B-00C04F79EFBC}") = "FaceOfflineSample", "FaceOfflineSample\FaceOfflineSample.csproj", "{31DCF4D3-406E-4214-B0C4-B91D6A368715}"
EndProject
Project("{FAE04EC0-301F-11D3-BF4B-00C04F79EFBC}") = "Hardware.DeviceInterface", "Hardware.DeviceInterface\Hardware.DeviceInterface.csproj", "{BC9750B8-CE27-4570-91F4-CA1ED98392E4}"
EndProject
Project("{FAE04EC0-301F-11D3-BF4B-00C04F79EFBC}") = "Utilities", "Utilities\Utilities.csproj", "{6D4B3B46-5AA8-40CD-90A9-C5CB1FBADF43}"
EndProject
Project("{FAE04EC0-301F-11D3-BF4B-00C04F79EFBC}") = "WebConsole", "WebConsole\WebConsole.csproj", "{A986EA5D-8A3A-475A-9CF1-BE0E90F9068E}"
EndProject
Project("{FAE04EC0-301F-11D3-BF4B-00C04F79EFBC}") = "WebConsole.BLL", "WebConsole.BLL\WebConsole.BLL.csproj", "{B61CE58C-D599-47A4-915A-24033A6D1F9C}"
EndProject
Project("{FAE04EC0-301F-11D3-BF4B-00C04F79EFBC}") = "WebConsole.Config", "WebConsole.Config\WebConsole.Config.csproj", "{F16611FF-8DB4-4C69-AEE5-639363FCACFC}"
EndProject
Project("{FAE04EC0-301F-11D3-BF4B-00C04F79EFBC}") = "WebConsole.DAL", "WebConsole.DAL\WebConsole.DAL.csproj", "{A3913B6A-676A-46A2-8BFE-BB75725C07B9}"
EndProject
Project("{FAE04EC0-301F-11D3-BF4B-00C04F79EFBC}") = "Domain.Main", "Domain.Main\Domain.Main.csproj", "{50EFF280-4931-4BBF-9F13-A0AEAC0DD36C}"
EndProject
Project("{FAE04EC0-301F-11D3-BF4B-00C04F79EFBC}") = "CabinetMgr.DAL", "CabinetMgr.DAL\CabinetMgr.DAL.csproj", "{8253FF54-0724-4901-93D1-131FF5E92B41}"
EndProject
Project("{FAE04EC0-301F-11D3-BF4B-00C04F79EFBC}") = "CabinetMgr.BLL", "CabinetMgr.BLL\CabinetMgr.BLL.csproj", "{3E93644F-535C-4F6B-A36D-137E525F07ED}"
EndProject
Project("{FAE04EC0-301F-11D3-BF4B-00C04F79EFBC}") = "CabinetMgr.Config", "CabinetMgr.Config\CabinetMgr.Config.csproj", "{B1FF809C-3EB2-4B2D-8EFB-844EE5A0DCE5}"
EndProject
Project("{FAE04EC0-301F-11D3-BF4B-00C04F79EFBC}") = "AesEncryptor", "AesEncryptor\AesEncryptor.csproj", "{F9D517CB-4204-438B-87BD-A78DEDF16123}"
EndProject
Global
	GlobalSection(SolutionConfigurationPlatforms) = preSolution
		Debug|Any CPU = Debug|Any CPU
		Debug|x64 = Debug|x64
		Debug|x86 = Debug|x86
		Release|Any CPU = Release|Any CPU
		Release|x64 = Release|x64
		Release|x86 = Release|x86
	EndGlobalSection
	GlobalSection(ProjectConfigurationPlatforms) = postSolution
		{C851644F-A023-45EA-8946-79F154665715}.Debug|Any CPU.ActiveCfg = Debug|Any CPU
		{C851644F-A023-45EA-8946-79F154665715}.Debug|Any CPU.Build.0 = Debug|Any CPU
		{C851644F-A023-45EA-8946-79F154665715}.Debug|x64.ActiveCfg = Debug|Any CPU
		{C851644F-A023-45EA-8946-79F154665715}.Debug|x64.Build.0 = Debug|Any CPU
		{C851644F-A023-45EA-8946-79F154665715}.Debug|x86.ActiveCfg = Debug|Any CPU
		{C851644F-A023-45EA-8946-79F154665715}.Debug|x86.Build.0 = Debug|Any CPU
		{C851644F-A023-45EA-8946-79F154665715}.Release|Any CPU.ActiveCfg = Release|Any CPU
		{C851644F-A023-45EA-8946-79F154665715}.Release|Any CPU.Build.0 = Release|Any CPU
		{C851644F-A023-45EA-8946-79F154665715}.Release|x64.ActiveCfg = Release|Any CPU
		{C851644F-A023-45EA-8946-79F154665715}.Release|x64.Build.0 = Release|Any CPU
		{C851644F-A023-45EA-8946-79F154665715}.Release|x86.ActiveCfg = Release|Any CPU
		{C851644F-A023-45EA-8946-79F154665715}.Release|x86.Build.0 = Release|Any CPU
		{31DCF4D3-406E-4214-B0C4-B91D6A368715}.Debug|Any CPU.ActiveCfg = Debug|x86
		{31DCF4D3-406E-4214-B0C4-B91D6A368715}.Debug|x64.ActiveCfg = Debug|x64
		{31DCF4D3-406E-4214-B0C4-B91D6A368715}.Debug|x64.Build.0 = Debug|x64
		{31DCF4D3-406E-4214-B0C4-B91D6A368715}.Debug|x86.ActiveCfg = Debug|x86
		{31DCF4D3-406E-4214-B0C4-B91D6A368715}.Debug|x86.Build.0 = Debug|x86
		{31DCF4D3-406E-4214-B0C4-B91D6A368715}.Release|Any CPU.ActiveCfg = Release|x86
		{31DCF4D3-406E-4214-B0C4-B91D6A368715}.Release|x64.ActiveCfg = Release|x64
		{31DCF4D3-406E-4214-B0C4-B91D6A368715}.Release|x64.Build.0 = Release|x64
		{31DCF4D3-406E-4214-B0C4-B91D6A368715}.Release|x86.ActiveCfg = Release|x86
		{31DCF4D3-406E-4214-B0C4-B91D6A368715}.Release|x86.Build.0 = Release|x86
		{BC9750B8-CE27-4570-91F4-CA1ED98392E4}.Debug|Any CPU.ActiveCfg = Debug|Any CPU
		{BC9750B8-CE27-4570-91F4-CA1ED98392E4}.Debug|Any CPU.Build.0 = Debug|Any CPU
		{BC9750B8-CE27-4570-91F4-CA1ED98392E4}.Debug|x64.ActiveCfg = Debug|Any CPU
		{BC9750B8-CE27-4570-91F4-CA1ED98392E4}.Debug|x64.Build.0 = Debug|Any CPU
		{BC9750B8-CE27-4570-91F4-CA1ED98392E4}.Debug|x86.ActiveCfg = Debug|Any CPU
		{BC9750B8-CE27-4570-91F4-CA1ED98392E4}.Debug|x86.Build.0 = Debug|Any CPU
		{BC9750B8-CE27-4570-91F4-CA1ED98392E4}.Release|Any CPU.ActiveCfg = Release|Any CPU
		{BC9750B8-CE27-4570-91F4-CA1ED98392E4}.Release|Any CPU.Build.0 = Release|Any CPU
		{BC9750B8-CE27-4570-91F4-CA1ED98392E4}.Release|x64.ActiveCfg = Release|Any CPU
		{BC9750B8-CE27-4570-91F4-CA1ED98392E4}.Release|x64.Build.0 = Release|Any CPU
		{BC9750B8-CE27-4570-91F4-CA1ED98392E4}.Release|x86.ActiveCfg = Release|Any CPU
		{BC9750B8-CE27-4570-91F4-CA1ED98392E4}.Release|x86.Build.0 = Release|Any CPU
		{6D4B3B46-5AA8-40CD-90A9-C5CB1FBADF43}.Debug|Any CPU.ActiveCfg = Debug|Any CPU
		{6D4B3B46-5AA8-40CD-90A9-C5CB1FBADF43}.Debug|Any CPU.Build.0 = Debug|Any CPU
		{6D4B3B46-5AA8-40CD-90A9-C5CB1FBADF43}.Debug|x64.ActiveCfg = Debug|Any CPU
		{6D4B3B46-5AA8-40CD-90A9-C5CB1FBADF43}.Debug|x64.Build.0 = Debug|Any CPU
		{6D4B3B46-5AA8-40CD-90A9-C5CB1FBADF43}.Debug|x86.ActiveCfg = Debug|Any CPU
		{6D4B3B46-5AA8-40CD-90A9-C5CB1FBADF43}.Debug|x86.Build.0 = Debug|Any CPU
		{6D4B3B46-5AA8-40CD-90A9-C5CB1FBADF43}.Release|Any CPU.ActiveCfg = Release|Any CPU
		{6D4B3B46-5AA8-40CD-90A9-C5CB1FBADF43}.Release|Any CPU.Build.0 = Release|Any CPU
		{6D4B3B46-5AA8-40CD-90A9-C5CB1FBADF43}.Release|x64.ActiveCfg = Release|Any CPU
		{6D4B3B46-5AA8-40CD-90A9-C5CB1FBADF43}.Release|x64.Build.0 = Release|Any CPU
		{6D4B3B46-5AA8-40CD-90A9-C5CB1FBADF43}.Release|x86.ActiveCfg = Release|Any CPU
		{6D4B3B46-5AA8-40CD-90A9-C5CB1FBADF43}.Release|x86.Build.0 = Release|Any CPU
		{A986EA5D-8A3A-475A-9CF1-BE0E90F9068E}.Debug|Any CPU.ActiveCfg = Debug|Any CPU
		{A986EA5D-8A3A-475A-9CF1-BE0E90F9068E}.Debug|Any CPU.Build.0 = Debug|Any CPU
		{A986EA5D-8A3A-475A-9CF1-BE0E90F9068E}.Debug|x64.ActiveCfg = Debug|Any CPU
		{A986EA5D-8A3A-475A-9CF1-BE0E90F9068E}.Debug|x64.Build.0 = Debug|Any CPU
		{A986EA5D-8A3A-475A-9CF1-BE0E90F9068E}.Debug|x86.ActiveCfg = Debug|Any CPU
		{A986EA5D-8A3A-475A-9CF1-BE0E90F9068E}.Debug|x86.Build.0 = Debug|Any CPU
		{A986EA5D-8A3A-475A-9CF1-BE0E90F9068E}.Release|Any CPU.ActiveCfg = Release|Any CPU
		{A986EA5D-8A3A-475A-9CF1-BE0E90F9068E}.Release|Any CPU.Build.0 = Release|Any CPU
		{A986EA5D-8A3A-475A-9CF1-BE0E90F9068E}.Release|x64.ActiveCfg = Release|Any CPU
		{A986EA5D-8A3A-475A-9CF1-BE0E90F9068E}.Release|x64.Build.0 = Release|Any CPU
		{A986EA5D-8A3A-475A-9CF1-BE0E90F9068E}.Release|x86.ActiveCfg = Release|Any CPU
		{A986EA5D-8A3A-475A-9CF1-BE0E90F9068E}.Release|x86.Build.0 = Release|Any CPU
		{B61CE58C-D599-47A4-915A-24033A6D1F9C}.Debug|Any CPU.ActiveCfg = Debug|Any CPU
		{B61CE58C-D599-47A4-915A-24033A6D1F9C}.Debug|Any CPU.Build.0 = Debug|Any CPU
		{B61CE58C-D599-47A4-915A-24033A6D1F9C}.Debug|x64.ActiveCfg = Debug|Any CPU
		{B61CE58C-D599-47A4-915A-24033A6D1F9C}.Debug|x64.Build.0 = Debug|Any CPU
		{B61CE58C-D599-47A4-915A-24033A6D1F9C}.Debug|x86.ActiveCfg = Debug|Any CPU
		{B61CE58C-D599-47A4-915A-24033A6D1F9C}.Debug|x86.Build.0 = Debug|Any CPU
		{B61CE58C-D599-47A4-915A-24033A6D1F9C}.Release|Any CPU.ActiveCfg = Release|Any CPU
		{B61CE58C-D599-47A4-915A-24033A6D1F9C}.Release|Any CPU.Build.0 = Release|Any CPU
		{B61CE58C-D599-47A4-915A-24033A6D1F9C}.Release|x64.ActiveCfg = Release|Any CPU
		{B61CE58C-D599-47A4-915A-24033A6D1F9C}.Release|x64.Build.0 = Release|Any CPU
		{B61CE58C-D599-47A4-915A-24033A6D1F9C}.Release|x86.ActiveCfg = Release|Any CPU
		{B61CE58C-D599-47A4-915A-24033A6D1F9C}.Release|x86.Build.0 = Release|Any CPU
		{F16611FF-8DB4-4C69-AEE5-639363FCACFC}.Debug|Any CPU.ActiveCfg = Debug|Any CPU
		{F16611FF-8DB4-4C69-AEE5-639363FCACFC}.Debug|Any CPU.Build.0 = Debug|Any CPU
		{F16611FF-8DB4-4C69-AEE5-639363FCACFC}.Debug|x64.ActiveCfg = Debug|Any CPU
		{F16611FF-8DB4-4C69-AEE5-639363FCACFC}.Debug|x64.Build.0 = Debug|Any CPU
		{F16611FF-8DB4-4C69-AEE5-639363FCACFC}.Debug|x86.ActiveCfg = Debug|Any CPU
		{F16611FF-8DB4-4C69-AEE5-639363FCACFC}.Debug|x86.Build.0 = Debug|Any CPU
		{F16611FF-8DB4-4C69-AEE5-639363FCACFC}.Release|Any CPU.ActiveCfg = Release|Any CPU
		{F16611FF-8DB4-4C69-AEE5-639363FCACFC}.Release|Any CPU.Build.0 = Release|Any CPU
		{F16611FF-8DB4-4C69-AEE5-639363FCACFC}.Release|x64.ActiveCfg = Release|Any CPU
		{F16611FF-8DB4-4C69-AEE5-639363FCACFC}.Release|x64.Build.0 = Release|Any CPU
		{F16611FF-8DB4-4C69-AEE5-639363FCACFC}.Release|x86.ActiveCfg = Release|Any CPU
		{F16611FF-8DB4-4C69-AEE5-639363FCACFC}.Release|x86.Build.0 = Release|Any CPU
		{A3913B6A-676A-46A2-8BFE-BB75725C07B9}.Debug|Any CPU.ActiveCfg = Debug|Any CPU
		{A3913B6A-676A-46A2-8BFE-BB75725C07B9}.Debug|Any CPU.Build.0 = Debug|Any CPU
		{A3913B6A-676A-46A2-8BFE-BB75725C07B9}.Debug|x64.ActiveCfg = Debug|Any CPU
		{A3913B6A-676A-46A2-8BFE-BB75725C07B9}.Debug|x64.Build.0 = Debug|Any CPU
		{A3913B6A-676A-46A2-8BFE-BB75725C07B9}.Debug|x86.ActiveCfg = Debug|Any CPU
		{A3913B6A-676A-46A2-8BFE-BB75725C07B9}.Debug|x86.Build.0 = Debug|Any CPU
		{A3913B6A-676A-46A2-8BFE-BB75725C07B9}.Release|Any CPU.ActiveCfg = Release|Any CPU
		{A3913B6A-676A-46A2-8BFE-BB75725C07B9}.Release|Any CPU.Build.0 = Release|Any CPU
		{A3913B6A-676A-46A2-8BFE-BB75725C07B9}.Release|x64.ActiveCfg = Release|Any CPU
		{A3913B6A-676A-46A2-8BFE-BB75725C07B9}.Release|x64.Build.0 = Release|Any CPU
		{A3913B6A-676A-46A2-8BFE-BB75725C07B9}.Release|x86.ActiveCfg = Release|Any CPU
		{A3913B6A-676A-46A2-8BFE-BB75725C07B9}.Release|x86.Build.0 = Release|Any CPU
		{50EFF280-4931-4BBF-9F13-A0AEAC0DD36C}.Debug|Any CPU.ActiveCfg = Debug|Any CPU
		{50EFF280-4931-4BBF-9F13-A0AEAC0DD36C}.Debug|Any CPU.Build.0 = Debug|Any CPU
		{50EFF280-4931-4BBF-9F13-A0AEAC0DD36C}.Debug|x64.ActiveCfg = Debug|Any CPU
		{50EFF280-4931-4BBF-9F13-A0AEAC0DD36C}.Debug|x64.Build.0 = Debug|Any CPU
		{50EFF280-4931-4BBF-9F13-A0AEAC0DD36C}.Debug|x86.ActiveCfg = Debug|Any CPU
		{50EFF280-4931-4BBF-9F13-A0AEAC0DD36C}.Debug|x86.Build.0 = Debug|Any CPU
		{50EFF280-4931-4BBF-9F13-A0AEAC0DD36C}.Release|Any CPU.ActiveCfg = Release|Any CPU
		{50EFF280-4931-4BBF-9F13-A0AEAC0DD36C}.Release|Any CPU.Build.0 = Release|Any CPU
		{50EFF280-4931-4BBF-9F13-A0AEAC0DD36C}.Release|x64.ActiveCfg = Release|Any CPU
		{50EFF280-4931-4BBF-9F13-A0AEAC0DD36C}.Release|x64.Build.0 = Release|Any CPU
		{50EFF280-4931-4BBF-9F13-A0AEAC0DD36C}.Release|x86.ActiveCfg = Release|Any CPU
		{50EFF280-4931-4BBF-9F13-A0AEAC0DD36C}.Release|x86.Build.0 = Release|Any CPU
		{8253FF54-0724-4901-93D1-131FF5E92B41}.Debug|Any CPU.ActiveCfg = Debug|Any CPU
		{8253FF54-0724-4901-93D1-131FF5E92B41}.Debug|Any CPU.Build.0 = Debug|Any CPU
		{8253FF54-0724-4901-93D1-131FF5E92B41}.Debug|x64.ActiveCfg = Debug|Any CPU
		{8253FF54-0724-4901-93D1-131FF5E92B41}.Debug|x64.Build.0 = Debug|Any CPU
		{8253FF54-0724-4901-93D1-131FF5E92B41}.Debug|x86.ActiveCfg = Debug|Any CPU
		{8253FF54-0724-4901-93D1-131FF5E92B41}.Debug|x86.Build.0 = Debug|Any CPU
		{8253FF54-0724-4901-93D1-131FF5E92B41}.Release|Any CPU.ActiveCfg = Release|Any CPU
		{8253FF54-0724-4901-93D1-131FF5E92B41}.Release|Any CPU.Build.0 = Release|Any CPU
		{8253FF54-0724-4901-93D1-131FF5E92B41}.Release|x64.ActiveCfg = Release|Any CPU
		{8253FF54-0724-4901-93D1-131FF5E92B41}.Release|x64.Build.0 = Release|Any CPU
		{8253FF54-0724-4901-93D1-131FF5E92B41}.Release|x86.ActiveCfg = Release|Any CPU
		{8253FF54-0724-4901-93D1-131FF5E92B41}.Release|x86.Build.0 = Release|Any CPU
		{3E93644F-535C-4F6B-A36D-137E525F07ED}.Debug|Any CPU.ActiveCfg = Debug|Any CPU
		{3E93644F-535C-4F6B-A36D-137E525F07ED}.Debug|Any CPU.Build.0 = Debug|Any CPU
		{3E93644F-535C-4F6B-A36D-137E525F07ED}.Debug|x64.ActiveCfg = Debug|Any CPU
		{3E93644F-535C-4F6B-A36D-137E525F07ED}.Debug|x64.Build.0 = Debug|Any CPU
		{3E93644F-535C-4F6B-A36D-137E525F07ED}.Debug|x86.ActiveCfg = Debug|Any CPU
		{3E93644F-535C-4F6B-A36D-137E525F07ED}.Debug|x86.Build.0 = Debug|Any CPU
		{3E93644F-535C-4F6B-A36D-137E525F07ED}.Release|Any CPU.ActiveCfg = Release|Any CPU
		{3E93644F-535C-4F6B-A36D-137E525F07ED}.Release|Any CPU.Build.0 = Release|Any CPU
		{3E93644F-535C-4F6B-A36D-137E525F07ED}.Release|x64.ActiveCfg = Release|Any CPU
		{3E93644F-535C-4F6B-A36D-137E525F07ED}.Release|x64.Build.0 = Release|Any CPU
		{3E93644F-535C-4F6B-A36D-137E525F07ED}.Release|x86.ActiveCfg = Release|Any CPU
		{3E93644F-535C-4F6B-A36D-137E525F07ED}.Release|x86.Build.0 = Release|Any CPU
		{B1FF809C-3EB2-4B2D-8EFB-844EE5A0DCE5}.Debug|Any CPU.ActiveCfg = Debug|Any CPU
		{B1FF809C-3EB2-4B2D-8EFB-844EE5A0DCE5}.Debug|Any CPU.Build.0 = Debug|Any CPU
		{B1FF809C-3EB2-4B2D-8EFB-844EE5A0DCE5}.Debug|x64.ActiveCfg = Debug|Any CPU
		{B1FF809C-3EB2-4B2D-8EFB-844EE5A0DCE5}.Debug|x64.Build.0 = Debug|Any CPU
		{B1FF809C-3EB2-4B2D-8EFB-844EE5A0DCE5}.Debug|x86.ActiveCfg = Debug|Any CPU
		{B1FF809C-3EB2-4B2D-8EFB-844EE5A0DCE5}.Debug|x86.Build.0 = Debug|Any CPU
		{B1FF809C-3EB2-4B2D-8EFB-844EE5A0DCE5}.Release|Any CPU.ActiveCfg = Release|Any CPU
		{B1FF809C-3EB2-4B2D-8EFB-844EE5A0DCE5}.Release|Any CPU.Build.0 = Release|Any CPU
		{B1FF809C-3EB2-4B2D-8EFB-844EE5A0DCE5}.Release|x64.ActiveCfg = Release|Any CPU
		{B1FF809C-3EB2-4B2D-8EFB-844EE5A0DCE5}.Release|x64.Build.0 = Release|Any CPU
		{B1FF809C-3EB2-4B2D-8EFB-844EE5A0DCE5}.Release|x86.ActiveCfg = Release|Any CPU
		{B1FF809C-3EB2-4B2D-8EFB-844EE5A0DCE5}.Release|x86.Build.0 = Release|Any CPU
		{F9D517CB-4204-438B-87BD-A78DEDF16123}.Debug|Any CPU.ActiveCfg = Debug|Any CPU
		{F9D517CB-4204-438B-87BD-A78DEDF16123}.Debug|Any CPU.Build.0 = Debug|Any CPU
		{F9D517CB-4204-438B-87BD-A78DEDF16123}.Debug|x64.ActiveCfg = Debug|Any CPU
		{F9D517CB-4204-438B-87BD-A78DEDF16123}.Debug|x64.Build.0 = Debug|Any CPU
		{F9D517CB-4204-438B-87BD-A78DEDF16123}.Debug|x86.ActiveCfg = Debug|Any CPU
		{F9D517CB-4204-438B-87BD-A78DEDF16123}.Debug|x86.Build.0 = Debug|Any CPU
		{F9D517CB-4204-438B-87BD-A78DEDF16123}.Release|Any CPU.ActiveCfg = Release|Any CPU
		{F9D517CB-4204-438B-87BD-A78DEDF16123}.Release|Any CPU.Build.0 = Release|Any CPU
		{F9D517CB-4204-438B-87BD-A78DEDF16123}.Release|x64.ActiveCfg = Release|Any CPU
		{F9D517CB-4204-438B-87BD-A78DEDF16123}.Release|x64.Build.0 = Release|Any CPU
		{F9D517CB-4204-438B-87BD-A78DEDF16123}.Release|x86.ActiveCfg = Release|Any CPU
		{F9D517CB-4204-438B-87BD-A78DEDF16123}.Release|x86.Build.0 = Release|Any CPU
	EndGlobalSection
	GlobalSection(SolutionProperties) = preSolution
		HideSolutionNode = FALSE
	EndGlobalSection
	GlobalSection(ExtensibilityGlobals) = postSolution
		SolutionGuid = {191BA02B-FEEB-4406-91B0-BA6B42FFB6F0}
	EndGlobalSection
EndGlobal
